
Microsoft Visual Studio Solution File, Format Version 12.00
# Visual Studio Version 16
VisualStudioVersion = 16.0.28917.181
MinimumVisualStudioVersion = 10.0.40219.1
Project("{9A19103F-16F7-4668-BE54-9A1E7A4F7556}") = "HttPlaceholder", "HttPlaceholder\HttPlaceholder.csproj", "{C59B1B53-C880-473E-8510-AA4F78B7441E}"
EndProject
Project("{9A19103F-16F7-4668-BE54-9A1E7A4F7556}") = "HttPlaceholder.Utilities", "HttPlaceholder.Utilities\HttPlaceholder.Utilities.csproj", "{A737B197-6BAB-452E-8DEC-533CF6FD2F58}"
EndProject
Project("{9A19103F-16F7-4668-BE54-9A1E7A4F7556}") = "HttPlaceholder.BusinessLogic", "HttPlaceholder.BusinessLogic\HttPlaceholder.BusinessLogic.csproj", "{4577EF1D-82BB-4E07-8BF3-F7D0C28DD9E6}"
EndProject
Project("{9A19103F-16F7-4668-BE54-9A1E7A4F7556}") = "HttPlaceholder.Models", "HttPlaceholder.Models\HttPlaceholder.Models.csproj", "{CB4600D4-1B2C-4FFE-92C9-8AFC2E460AA6}"
EndProject
Project("{2150E333-8FDC-42A3-9474-1A3956D46DE8}") = "Tests", "Tests", "{287482AF-3481-44F5-B4D3-F17589B9261C}"
EndProject
Project("{9A19103F-16F7-4668-BE54-9A1E7A4F7556}") = "HttPlaceholder.BusinessLogic.Tests", "HttPlaceholder.BusinessLogic.Tests\HttPlaceholder.BusinessLogic.Tests.csproj", "{4E944D08-C74B-4373-A247-55F9C7887552}"
EndProject
Project("{9A19103F-16F7-4668-BE54-9A1E7A4F7556}") = "HttPlaceholder.Tests", "HttPlaceholder.Tests\HttPlaceholder.Tests.csproj", "{AB78C38B-5070-4ADF-84E7-AB8ECB3D184E}"
EndProject
Project("{9A19103F-16F7-4668-BE54-9A1E7A4F7556}") = "HttPlaceholder.Exceptions", "HttPlaceholder.Exceptions\HttPlaceholder.Exceptions.csproj", "{071EA1AA-484A-4FDF-9CBD-0F28F2A8D30C}"
EndProject
Project("{9A19103F-16F7-4668-BE54-9A1E7A4F7556}") = "HttPlaceholder.Services", "HttPlaceholder.Services\HttPlaceholder.Services.csproj", "{E7C2139E-4C12-47D0-8A98-397B13FC6BE2}"
EndProject
Project("{9A19103F-16F7-4668-BE54-9A1E7A4F7556}") = "HttPlaceholder.DataLogic", "HttPlaceholder.DataLogic\HttPlaceholder.DataLogic.csproj", "{2CA478C3-9204-466F-8B85-43DCBFE6E195}"
EndProject
Project("{9A19103F-16F7-4668-BE54-9A1E7A4F7556}") = "HttPlaceholder.DataLogic.Tests", "HttPlaceholder.DataLogic.Tests\HttPlaceholder.DataLogic.Tests.csproj", "{FC465FE9-64AB-46B8-8045-53E65A4D244E}"
EndProject
Project("{9A19103F-16F7-4668-BE54-9A1E7A4F7556}") = "HttPlaceholder.Services.Tests", "HttPlaceholder.Services.Tests\HttPlaceholder.Services.Tests.csproj", "{98BBD819-DB3A-4F63-ADD6-2DB40EFA36B1}"
EndProject
Project("{9A19103F-16F7-4668-BE54-9A1E7A4F7556}") = "HttPlaceholder.TestUtilities", "HttPlaceholder.TestUtilities\HttPlaceholder.TestUtilities.csproj", "{CD5CAE2B-2943-4E6E-B4BC-734D78753F93}"
EndProject
Project("{9A19103F-16F7-4668-BE54-9A1E7A4F7556}") = "HttPlaceholder.SwaggerGenerator", "HttPlaceholder.SwaggerGenerator\HttPlaceholder.SwaggerGenerator.csproj", "{30655AA9-1F0E-4133-958E-DA3CD7A8473D}"
EndProject
Project("{9A19103F-16F7-4668-BE54-9A1E7A4F7556}") = "HttPlaceholder.Client", "HttPlaceholder.Client\HttPlaceholder.Client.csproj", "{8EAC64BA-0286-4737-8A2C-AD3E3DD5AA9B}"
EndProject
Project("{9A19103F-16F7-4668-BE54-9A1E7A4F7556}") = "HttPlaceholder.TestConsoleApp", "HttPlaceholder.TestConsoleApp\HttPlaceholder.TestConsoleApp.csproj", "{9D128FE9-788E-4842-9DEF-FD230EA3AC7D}"
EndProject
Project("{9A19103F-16F7-4668-BE54-9A1E7A4F7556}") = "HttPlaceholder.Client.Tests", "HttPlaceholder.Client.Tests\HttPlaceholder.Client.Tests.csproj", "{8F67E397-E857-4C64-B700-17E84F0C247A}"
EndProject
Project("{2150E333-8FDC-42A3-9474-1A3956D46DE8}") = "Src", "Src", "{21DEC134-DEF5-482F-ADE7-EBF67AB9C2B9}"
EndProject
Project("{2150E333-8FDC-42A3-9474-1A3956D46DE8}") = "Common", "Common", "{8DC0861E-9BE9-4F9B-90D5-944B33169F55}"
EndProject
Project("{FAE04EC0-301F-11D3-BF4B-00C04F79EFBC}") = "HttPlaceholder.Common", "HttPlaceholder.Common\HttPlaceholder.Common.csproj", "{A01825A4-30E4-4B5A-9A7F-D7BA933F75CC}"
EndProject
Project("{2150E333-8FDC-42A3-9474-1A3956D46DE8}") = "Infrastructure", "Infrastructure", "{A78C674D-5E73-42AA-AD38-C659E5BC017D}"
EndProject
Project("{FAE04EC0-301F-11D3-BF4B-00C04F79EFBC}") = "HttPlaceholder.Infrastructure", "HttPlaceholder.Infrastructure\HttPlaceholder.Infrastructure.csproj", "{C5C45E53-C574-4F87-81F9-6D99C8C3A463}"
EndProject
Project("{2150E333-8FDC-42A3-9474-1A3956D46DE8}") = "Core", "Core", "{37ECDB20-4C9E-4A7B-AFB9-FDF5E2C64EC3}"
EndProject
Project("{FAE04EC0-301F-11D3-BF4B-00C04F79EFBC}") = "HttPlaceholder.Application", "HttPlaceholder.Application\HttPlaceholder.Application.csproj", "{FC4C3CF7-8831-423D-A4D5-57C5A2E40B45}"
EndProject
Project("{FAE04EC0-301F-11D3-BF4B-00C04F79EFBC}") = "HttPlaceholder.Domain", "HttPlaceholder.Domain\HttPlaceholder.Domain.csproj", "{E8DE3E50-ADAD-4B9E-9BAE-4C6E87830C4F}"
EndProject
Global
	GlobalSection(SolutionConfigurationPlatforms) = preSolution
		Debug|Any CPU = Debug|Any CPU
		Release|Any CPU = Release|Any CPU
		Tool|Any CPU = Tool|Any CPU
	EndGlobalSection
	GlobalSection(ProjectConfigurationPlatforms) = postSolution
		{C59B1B53-C880-473E-8510-AA4F78B7441E}.Debug|Any CPU.ActiveCfg = Debug|Any CPU
		{C59B1B53-C880-473E-8510-AA4F78B7441E}.Debug|Any CPU.Build.0 = Debug|Any CPU
		{C59B1B53-C880-473E-8510-AA4F78B7441E}.Release|Any CPU.ActiveCfg = Release|Any CPU
		{C59B1B53-C880-473E-8510-AA4F78B7441E}.Release|Any CPU.Build.0 = Release|Any CPU
		{C59B1B53-C880-473E-8510-AA4F78B7441E}.Tool|Any CPU.ActiveCfg = Tool|Any CPU
		{C59B1B53-C880-473E-8510-AA4F78B7441E}.Tool|Any CPU.Build.0 = Tool|Any CPU
		{A737B197-6BAB-452E-8DEC-533CF6FD2F58}.Debug|Any CPU.ActiveCfg = Debug|Any CPU
		{A737B197-6BAB-452E-8DEC-533CF6FD2F58}.Debug|Any CPU.Build.0 = Debug|Any CPU
		{A737B197-6BAB-452E-8DEC-533CF6FD2F58}.Release|Any CPU.ActiveCfg = Release|Any CPU
		{A737B197-6BAB-452E-8DEC-533CF6FD2F58}.Release|Any CPU.Build.0 = Release|Any CPU
		{A737B197-6BAB-452E-8DEC-533CF6FD2F58}.Tool|Any CPU.ActiveCfg = Tool|Any CPU
		{A737B197-6BAB-452E-8DEC-533CF6FD2F58}.Tool|Any CPU.Build.0 = Tool|Any CPU
		{4577EF1D-82BB-4E07-8BF3-F7D0C28DD9E6}.Debug|Any CPU.ActiveCfg = Debug|Any CPU
		{4577EF1D-82BB-4E07-8BF3-F7D0C28DD9E6}.Debug|Any CPU.Build.0 = Debug|Any CPU
		{4577EF1D-82BB-4E07-8BF3-F7D0C28DD9E6}.Release|Any CPU.ActiveCfg = Release|Any CPU
		{4577EF1D-82BB-4E07-8BF3-F7D0C28DD9E6}.Release|Any CPU.Build.0 = Release|Any CPU
		{4577EF1D-82BB-4E07-8BF3-F7D0C28DD9E6}.Tool|Any CPU.ActiveCfg = Tool|Any CPU
		{4577EF1D-82BB-4E07-8BF3-F7D0C28DD9E6}.Tool|Any CPU.Build.0 = Tool|Any CPU
		{CB4600D4-1B2C-4FFE-92C9-8AFC2E460AA6}.Debug|Any CPU.ActiveCfg = Debug|Any CPU
		{CB4600D4-1B2C-4FFE-92C9-8AFC2E460AA6}.Debug|Any CPU.Build.0 = Debug|Any CPU
		{CB4600D4-1B2C-4FFE-92C9-8AFC2E460AA6}.Release|Any CPU.ActiveCfg = Release|Any CPU
		{CB4600D4-1B2C-4FFE-92C9-8AFC2E460AA6}.Release|Any CPU.Build.0 = Release|Any CPU
		{CB4600D4-1B2C-4FFE-92C9-8AFC2E460AA6}.Tool|Any CPU.ActiveCfg = Tool|Any CPU
		{CB4600D4-1B2C-4FFE-92C9-8AFC2E460AA6}.Tool|Any CPU.Build.0 = Tool|Any CPU
		{4E944D08-C74B-4373-A247-55F9C7887552}.Debug|Any CPU.ActiveCfg = Debug|Any CPU
		{4E944D08-C74B-4373-A247-55F9C7887552}.Debug|Any CPU.Build.0 = Debug|Any CPU
		{4E944D08-C74B-4373-A247-55F9C7887552}.Release|Any CPU.ActiveCfg = Release|Any CPU
		{4E944D08-C74B-4373-A247-55F9C7887552}.Release|Any CPU.Build.0 = Release|Any CPU
		{4E944D08-C74B-4373-A247-55F9C7887552}.Tool|Any CPU.ActiveCfg = Tool|Any CPU
		{4E944D08-C74B-4373-A247-55F9C7887552}.Tool|Any CPU.Build.0 = Tool|Any CPU
		{AB78C38B-5070-4ADF-84E7-AB8ECB3D184E}.Debug|Any CPU.ActiveCfg = Debug|Any CPU
		{AB78C38B-5070-4ADF-84E7-AB8ECB3D184E}.Debug|Any CPU.Build.0 = Debug|Any CPU
		{AB78C38B-5070-4ADF-84E7-AB8ECB3D184E}.Release|Any CPU.ActiveCfg = Release|Any CPU
		{AB78C38B-5070-4ADF-84E7-AB8ECB3D184E}.Release|Any CPU.Build.0 = Release|Any CPU
		{AB78C38B-5070-4ADF-84E7-AB8ECB3D184E}.Tool|Any CPU.ActiveCfg = Tool|Any CPU
		{AB78C38B-5070-4ADF-84E7-AB8ECB3D184E}.Tool|Any CPU.Build.0 = Tool|Any CPU
		{071EA1AA-484A-4FDF-9CBD-0F28F2A8D30C}.Debug|Any CPU.ActiveCfg = Debug|Any CPU
		{071EA1AA-484A-4FDF-9CBD-0F28F2A8D30C}.Debug|Any CPU.Build.0 = Debug|Any CPU
		{071EA1AA-484A-4FDF-9CBD-0F28F2A8D30C}.Release|Any CPU.ActiveCfg = Release|Any CPU
		{071EA1AA-484A-4FDF-9CBD-0F28F2A8D30C}.Release|Any CPU.Build.0 = Release|Any CPU
		{071EA1AA-484A-4FDF-9CBD-0F28F2A8D30C}.Tool|Any CPU.ActiveCfg = Tool|Any CPU
		{071EA1AA-484A-4FDF-9CBD-0F28F2A8D30C}.Tool|Any CPU.Build.0 = Tool|Any CPU
		{E7C2139E-4C12-47D0-8A98-397B13FC6BE2}.Debug|Any CPU.ActiveCfg = Debug|Any CPU
		{E7C2139E-4C12-47D0-8A98-397B13FC6BE2}.Debug|Any CPU.Build.0 = Debug|Any CPU
		{E7C2139E-4C12-47D0-8A98-397B13FC6BE2}.Release|Any CPU.ActiveCfg = Release|Any CPU
		{E7C2139E-4C12-47D0-8A98-397B13FC6BE2}.Release|Any CPU.Build.0 = Release|Any CPU
		{E7C2139E-4C12-47D0-8A98-397B13FC6BE2}.Tool|Any CPU.ActiveCfg = Tool|Any CPU
		{E7C2139E-4C12-47D0-8A98-397B13FC6BE2}.Tool|Any CPU.Build.0 = Tool|Any CPU
		{2CA478C3-9204-466F-8B85-43DCBFE6E195}.Debug|Any CPU.ActiveCfg = Debug|Any CPU
		{2CA478C3-9204-466F-8B85-43DCBFE6E195}.Debug|Any CPU.Build.0 = Debug|Any CPU
		{2CA478C3-9204-466F-8B85-43DCBFE6E195}.Release|Any CPU.ActiveCfg = Release|Any CPU
		{2CA478C3-9204-466F-8B85-43DCBFE6E195}.Release|Any CPU.Build.0 = Release|Any CPU
		{2CA478C3-9204-466F-8B85-43DCBFE6E195}.Tool|Any CPU.ActiveCfg = Tool|Any CPU
		{2CA478C3-9204-466F-8B85-43DCBFE6E195}.Tool|Any CPU.Build.0 = Tool|Any CPU
		{FC465FE9-64AB-46B8-8045-53E65A4D244E}.Debug|Any CPU.ActiveCfg = Debug|Any CPU
		{FC465FE9-64AB-46B8-8045-53E65A4D244E}.Debug|Any CPU.Build.0 = Debug|Any CPU
		{FC465FE9-64AB-46B8-8045-53E65A4D244E}.Release|Any CPU.ActiveCfg = Release|Any CPU
		{FC465FE9-64AB-46B8-8045-53E65A4D244E}.Release|Any CPU.Build.0 = Release|Any CPU
		{FC465FE9-64AB-46B8-8045-53E65A4D244E}.Tool|Any CPU.ActiveCfg = Tool|Any CPU
		{FC465FE9-64AB-46B8-8045-53E65A4D244E}.Tool|Any CPU.Build.0 = Tool|Any CPU
		{98BBD819-DB3A-4F63-ADD6-2DB40EFA36B1}.Debug|Any CPU.ActiveCfg = Debug|Any CPU
		{98BBD819-DB3A-4F63-ADD6-2DB40EFA36B1}.Debug|Any CPU.Build.0 = Debug|Any CPU
		{98BBD819-DB3A-4F63-ADD6-2DB40EFA36B1}.Release|Any CPU.ActiveCfg = Release|Any CPU
		{98BBD819-DB3A-4F63-ADD6-2DB40EFA36B1}.Release|Any CPU.Build.0 = Release|Any CPU
		{98BBD819-DB3A-4F63-ADD6-2DB40EFA36B1}.Tool|Any CPU.ActiveCfg = Tool|Any CPU
		{98BBD819-DB3A-4F63-ADD6-2DB40EFA36B1}.Tool|Any CPU.Build.0 = Tool|Any CPU
		{CD5CAE2B-2943-4E6E-B4BC-734D78753F93}.Debug|Any CPU.ActiveCfg = Debug|Any CPU
		{CD5CAE2B-2943-4E6E-B4BC-734D78753F93}.Debug|Any CPU.Build.0 = Debug|Any CPU
		{CD5CAE2B-2943-4E6E-B4BC-734D78753F93}.Release|Any CPU.ActiveCfg = Release|Any CPU
		{CD5CAE2B-2943-4E6E-B4BC-734D78753F93}.Release|Any CPU.Build.0 = Release|Any CPU
		{CD5CAE2B-2943-4E6E-B4BC-734D78753F93}.Tool|Any CPU.ActiveCfg = Tool|Any CPU
		{CD5CAE2B-2943-4E6E-B4BC-734D78753F93}.Tool|Any CPU.Build.0 = Tool|Any CPU
		{30655AA9-1F0E-4133-958E-DA3CD7A8473D}.Debug|Any CPU.ActiveCfg = Debug|Any CPU
		{30655AA9-1F0E-4133-958E-DA3CD7A8473D}.Debug|Any CPU.Build.0 = Debug|Any CPU
		{30655AA9-1F0E-4133-958E-DA3CD7A8473D}.Release|Any CPU.ActiveCfg = Release|Any CPU
		{30655AA9-1F0E-4133-958E-DA3CD7A8473D}.Release|Any CPU.Build.0 = Release|Any CPU
		{30655AA9-1F0E-4133-958E-DA3CD7A8473D}.Tool|Any CPU.ActiveCfg = Tool|Any CPU
		{30655AA9-1F0E-4133-958E-DA3CD7A8473D}.Tool|Any CPU.Build.0 = Tool|Any CPU
		{8EAC64BA-0286-4737-8A2C-AD3E3DD5AA9B}.Debug|Any CPU.ActiveCfg = Debug|Any CPU
		{8EAC64BA-0286-4737-8A2C-AD3E3DD5AA9B}.Debug|Any CPU.Build.0 = Debug|Any CPU
		{8EAC64BA-0286-4737-8A2C-AD3E3DD5AA9B}.Release|Any CPU.ActiveCfg = Release|Any CPU
		{8EAC64BA-0286-4737-8A2C-AD3E3DD5AA9B}.Release|Any CPU.Build.0 = Release|Any CPU
		{8EAC64BA-0286-4737-8A2C-AD3E3DD5AA9B}.Tool|Any CPU.ActiveCfg = Tool|Any CPU
		{8EAC64BA-0286-4737-8A2C-AD3E3DD5AA9B}.Tool|Any CPU.Build.0 = Tool|Any CPU
		{9D128FE9-788E-4842-9DEF-FD230EA3AC7D}.Debug|Any CPU.ActiveCfg = Debug|Any CPU
		{9D128FE9-788E-4842-9DEF-FD230EA3AC7D}.Debug|Any CPU.Build.0 = Debug|Any CPU
		{9D128FE9-788E-4842-9DEF-FD230EA3AC7D}.Release|Any CPU.ActiveCfg = Release|Any CPU
		{9D128FE9-788E-4842-9DEF-FD230EA3AC7D}.Release|Any CPU.Build.0 = Release|Any CPU
		{9D128FE9-788E-4842-9DEF-FD230EA3AC7D}.Tool|Any CPU.ActiveCfg = Tool|Any CPU
		{9D128FE9-788E-4842-9DEF-FD230EA3AC7D}.Tool|Any CPU.Build.0 = Tool|Any CPU
		{8F67E397-E857-4C64-B700-17E84F0C247A}.Debug|Any CPU.ActiveCfg = Debug|Any CPU
		{8F67E397-E857-4C64-B700-17E84F0C247A}.Debug|Any CPU.Build.0 = Debug|Any CPU
		{8F67E397-E857-4C64-B700-17E84F0C247A}.Release|Any CPU.ActiveCfg = Release|Any CPU
		{8F67E397-E857-4C64-B700-17E84F0C247A}.Release|Any CPU.Build.0 = Release|Any CPU
		{8F67E397-E857-4C64-B700-17E84F0C247A}.Tool|Any CPU.ActiveCfg = Tool|Any CPU
		{8F67E397-E857-4C64-B700-17E84F0C247A}.Tool|Any CPU.Build.0 = Tool|Any CPU
		{A01825A4-30E4-4B5A-9A7F-D7BA933F75CC}.Debug|Any CPU.ActiveCfg = Debug|Any CPU
		{A01825A4-30E4-4B5A-9A7F-D7BA933F75CC}.Debug|Any CPU.Build.0 = Debug|Any CPU
		{A01825A4-30E4-4B5A-9A7F-D7BA933F75CC}.Release|Any CPU.ActiveCfg = Release|Any CPU
		{A01825A4-30E4-4B5A-9A7F-D7BA933F75CC}.Release|Any CPU.Build.0 = Release|Any CPU
		{A01825A4-30E4-4B5A-9A7F-D7BA933F75CC}.Tool|Any CPU.ActiveCfg = Debug|Any CPU
		{A01825A4-30E4-4B5A-9A7F-D7BA933F75CC}.Tool|Any CPU.Build.0 = Debug|Any CPU
		{C5C45E53-C574-4F87-81F9-6D99C8C3A463}.Debug|Any CPU.ActiveCfg = Debug|Any CPU
		{C5C45E53-C574-4F87-81F9-6D99C8C3A463}.Debug|Any CPU.Build.0 = Debug|Any CPU
		{C5C45E53-C574-4F87-81F9-6D99C8C3A463}.Release|Any CPU.ActiveCfg = Release|Any CPU
		{C5C45E53-C574-4F87-81F9-6D99C8C3A463}.Release|Any CPU.Build.0 = Release|Any CPU
		{C5C45E53-C574-4F87-81F9-6D99C8C3A463}.Tool|Any CPU.ActiveCfg = Debug|Any CPU
		{C5C45E53-C574-4F87-81F9-6D99C8C3A463}.Tool|Any CPU.Build.0 = Debug|Any CPU
		{FC4C3CF7-8831-423D-A4D5-57C5A2E40B45}.Debug|Any CPU.ActiveCfg = Debug|Any CPU
		{FC4C3CF7-8831-423D-A4D5-57C5A2E40B45}.Debug|Any CPU.Build.0 = Debug|Any CPU
		{FC4C3CF7-8831-423D-A4D5-57C5A2E40B45}.Release|Any CPU.ActiveCfg = Release|Any CPU
		{FC4C3CF7-8831-423D-A4D5-57C5A2E40B45}.Release|Any CPU.Build.0 = Release|Any CPU
		{FC4C3CF7-8831-423D-A4D5-57C5A2E40B45}.Tool|Any CPU.ActiveCfg = Debug|Any CPU
		{FC4C3CF7-8831-423D-A4D5-57C5A2E40B45}.Tool|Any CPU.Build.0 = Debug|Any CPU
		{E8DE3E50-ADAD-4B9E-9BAE-4C6E87830C4F}.Debug|Any CPU.ActiveCfg = Debug|Any CPU
		{E8DE3E50-ADAD-4B9E-9BAE-4C6E87830C4F}.Debug|Any CPU.Build.0 = Debug|Any CPU
		{E8DE3E50-ADAD-4B9E-9BAE-4C6E87830C4F}.Release|Any CPU.ActiveCfg = Release|Any CPU
		{E8DE3E50-ADAD-4B9E-9BAE-4C6E87830C4F}.Release|Any CPU.Build.0 = Release|Any CPU
		{E8DE3E50-ADAD-4B9E-9BAE-4C6E87830C4F}.Tool|Any CPU.ActiveCfg = Debug|Any CPU
		{E8DE3E50-ADAD-4B9E-9BAE-4C6E87830C4F}.Tool|Any CPU.Build.0 = Debug|Any CPU
	EndGlobalSection
	GlobalSection(SolutionProperties) = preSolution
		HideSolutionNode = FALSE
	EndGlobalSection
	GlobalSection(NestedProjects) = preSolution
		{4E944D08-C74B-4373-A247-55F9C7887552} = {287482AF-3481-44F5-B4D3-F17589B9261C}
		{AB78C38B-5070-4ADF-84E7-AB8ECB3D184E} = {287482AF-3481-44F5-B4D3-F17589B9261C}
		{FC465FE9-64AB-46B8-8045-53E65A4D244E} = {287482AF-3481-44F5-B4D3-F17589B9261C}
		{98BBD819-DB3A-4F63-ADD6-2DB40EFA36B1} = {287482AF-3481-44F5-B4D3-F17589B9261C}
		{CD5CAE2B-2943-4E6E-B4BC-734D78753F93} = {287482AF-3481-44F5-B4D3-F17589B9261C}
		{8F67E397-E857-4C64-B700-17E84F0C247A} = {287482AF-3481-44F5-B4D3-F17589B9261C}
		{8DC0861E-9BE9-4F9B-90D5-944B33169F55} = {21DEC134-DEF5-482F-ADE7-EBF67AB9C2B9}
		{A01825A4-30E4-4B5A-9A7F-D7BA933F75CC} = {8DC0861E-9BE9-4F9B-90D5-944B33169F55}
		{A78C674D-5E73-42AA-AD38-C659E5BC017D} = {21DEC134-DEF5-482F-ADE7-EBF67AB9C2B9}
		{C5C45E53-C574-4F87-81F9-6D99C8C3A463} = {A78C674D-5E73-42AA-AD38-C659E5BC017D}
		{37ECDB20-4C9E-4A7B-AFB9-FDF5E2C64EC3} = {21DEC134-DEF5-482F-ADE7-EBF67AB9C2B9}
		{FC4C3CF7-8831-423D-A4D5-57C5A2E40B45} = {37ECDB20-4C9E-4A7B-AFB9-FDF5E2C64EC3}
		{E8DE3E50-ADAD-4B9E-9BAE-4C6E87830C4F} = {37ECDB20-4C9E-4A7B-AFB9-FDF5E2C64EC3}
	EndGlobalSection
	GlobalSection(ExtensibilityGlobals) = postSolution
		SolutionGuid = {B07D99A8-ABA7-4A66-9BA2-37E64043B834}
	EndGlobalSection
EndGlobal
