
Microsoft Visual Studio Solution File, Format Version 12.00
# Visual Studio Version 16
VisualStudioVersion = 16.0.28917.181
MinimumVisualStudioVersion = 10.0.40219.1
Project("{9A19103F-16F7-4668-BE54-9A1E7A4F7556}") = "HttPlaceholder", "HttPlaceholder\HttPlaceholder.csproj", "{C59B1B53-C880-473E-8510-AA4F78B7441E}"
EndProject
Project("{2150E333-8FDC-42A3-9474-1A3956D46DE8}") = "Tests", "Tests", "{287482AF-3481-44F5-B4D3-F17589B9261C}"
EndProject
Project("{9A19103F-16F7-4668-BE54-9A1E7A4F7556}") = "HttPlaceholder.Tests", "HttPlaceholder.Tests\HttPlaceholder.Tests.csproj", "{AB78C38B-5070-4ADF-84E7-AB8ECB3D184E}"
EndProject
Project("{9A19103F-16F7-4668-BE54-9A1E7A4F7556}") = "HttPlaceholder.TestUtilities", "HttPlaceholder.TestUtilities\HttPlaceholder.TestUtilities.csproj", "{CD5CAE2B-2943-4E6E-B4BC-734D78753F93}"
EndProject
Project("{9A19103F-16F7-4668-BE54-9A1E7A4F7556}") = "HttPlaceholder.SwaggerGenerator", "HttPlaceholder.SwaggerGenerator\HttPlaceholder.SwaggerGenerator.csproj", "{30655AA9-1F0E-4133-958E-DA3CD7A8473D}"
EndProject
Project("{2150E333-8FDC-42A3-9474-1A3956D46DE8}") = "Src", "Src", "{21DEC134-DEF5-482F-ADE7-EBF67AB9C2B9}"
EndProject
Project("{2150E333-8FDC-42A3-9474-1A3956D46DE8}") = "Common", "Common", "{8DC0861E-9BE9-4F9B-90D5-944B33169F55}"
EndProject
Project("{9A19103F-16F7-4668-BE54-9A1E7A4F7556}") = "HttPlaceholder.Common", "HttPlaceholder.Common\HttPlaceholder.Common.csproj", "{A01825A4-30E4-4B5A-9A7F-D7BA933F75CC}"
EndProject
Project("{2150E333-8FDC-42A3-9474-1A3956D46DE8}") = "Infrastructure", "Infrastructure", "{A78C674D-5E73-42AA-AD38-C659E5BC017D}"
EndProject
Project("{9A19103F-16F7-4668-BE54-9A1E7A4F7556}") = "HttPlaceholder.Infrastructure", "HttPlaceholder.Infrastructure\HttPlaceholder.Infrastructure.csproj", "{C5C45E53-C574-4F87-81F9-6D99C8C3A463}"
EndProject
Project("{2150E333-8FDC-42A3-9474-1A3956D46DE8}") = "Core", "Core", "{37ECDB20-4C9E-4A7B-AFB9-FDF5E2C64EC3}"
EndProject
Project("{9A19103F-16F7-4668-BE54-9A1E7A4F7556}") = "HttPlaceholder.Application", "HttPlaceholder.Application\HttPlaceholder.Application.csproj", "{FC4C3CF7-8831-423D-A4D5-57C5A2E40B45}"
EndProject
Project("{9A19103F-16F7-4668-BE54-9A1E7A4F7556}") = "HttPlaceholder.Domain", "HttPlaceholder.Domain\HttPlaceholder.Domain.csproj", "{E8DE3E50-ADAD-4B9E-9BAE-4C6E87830C4F}"
EndProject
Project("{9A19103F-16F7-4668-BE54-9A1E7A4F7556}") = "HttPlaceholder.Persistence", "HttPlaceholder.Persistence\HttPlaceholder.Persistence.csproj", "{11B67356-3779-4B8F-A4CC-A3A1AE22E35E}"
EndProject
Project("{2150E333-8FDC-42A3-9474-1A3956D46DE8}") = "Presentation", "Presentation", "{BA04C59E-2413-4460-85FC-DE322A1CBF02}"
EndProject
Project("{9A19103F-16F7-4668-BE54-9A1E7A4F7556}") = "HttPlaceholder.Application.Tests", "HttPlaceholder.Application.Tests\HttPlaceholder.Application.Tests.csproj", "{DB9FDF52-85AC-4746-AE20-3A3349683010}"
EndProject
Project("{9A19103F-16F7-4668-BE54-9A1E7A4F7556}") = "HttPlaceholder.Persistence.Tests", "HttPlaceholder.Persistence.Tests\HttPlaceholder.Persistence.Tests.csproj", "{A5B2F18A-8F5B-4BF7-A99D-C94A61A7361E}"
EndProject
Project("{FAE04EC0-301F-11D3-BF4B-00C04F79EFBC}") = "HttPlaceholder.Infrastructure.Tests", "HttPlaceholder.Infrastructure.Tests\HttPlaceholder.Infrastructure.Tests.csproj", "{7A443534-C454-4DF9-816D-A7A0BF1E9184}"
EndProject
Project("{FAE04EC0-301F-11D3-BF4B-00C04F79EFBC}") = "HttPlaceholder.Common.Tests", "HttPlaceholder.Common.Tests\HttPlaceholder.Common.Tests.csproj", "{4DA53660-BEB0-442C-8349-A013A2E56196}"
EndProject
Project("{FAE04EC0-301F-11D3-BF4B-00C04F79EFBC}") = "HttPlaceholder.Domain.Tests", "HttPlaceholder.Domain.Tests\HttPlaceholder.Domain.Tests.csproj", "{A020F166-1DDE-4929-938F-93DFCDDD27F2}"
EndProject
Project("{FAE04EC0-301F-11D3-BF4B-00C04F79EFBC}") = "HttPlaceholder.Client", "HttPlaceholder.Client\HttPlaceholder.Client.csproj", "{17A2B14F-7AFB-4BB3-817B-E5C0FFE0882E}"
EndProject
Project("{FAE04EC0-301F-11D3-BF4B-00C04F79EFBC}") = "HttPlaceholder.Client.Tests", "HttPlaceholder.Client.Tests\HttPlaceholder.Client.Tests.csproj", "{5F893D76-91EE-4D42-849E-D7015C8EDE2E}"
EndProject
Project("{FAE04EC0-301F-11D3-BF4B-00C04F79EFBC}") = "HttPlaceholder.Client.Examples", "HttPlaceholder.Client.Examples\HttPlaceholder.Client.Examples.csproj", "{DDEAB02D-ECC1-4D0A-9BC3-9A7C10EA6E18}"
EndProject
Project("{FAE04EC0-301F-11D3-BF4B-00C04F79EFBC}") = "HttPlaceholder.Resources", "HttPlaceholder.Resources\HttPlaceholder.Resources.csproj", "{39830A0C-53B7-4FE5-BBCF-C9E863BC0389}"
EndProject
Project("{FAE04EC0-301F-11D3-BF4B-00C04F79EFBC}") = "HttPlaceholder.Resources.Tests", "HttPlaceholder.Resources.Tests\HttPlaceholder.Resources.Tests.csproj", "{8EBF7A05-D197-4ED7-AF31-B16A542E8356}"
EndProject
Project("{FAE04EC0-301F-11D3-BF4B-00C04F79EFBC}") = "HttPlaceholder.Web.Shared", "HttPlaceholder.Web.Shared\HttPlaceholder.Web.Shared.csproj", "{BBAC429C-DE8D-486C-9040-77871631264D}"
EndProject
Global
	GlobalSection(SolutionConfigurationPlatforms) = preSolution
		Debug|Any CPU = Debug|Any CPU
		Release|Any CPU = Release|Any CPU
		Tool|Any CPU = Tool|Any CPU
	EndGlobalSection
	GlobalSection(ProjectConfigurationPlatforms) = postSolution
		{C59B1B53-C880-473E-8510-AA4F78B7441E}.Debug|Any CPU.ActiveCfg = Debug|Any CPU
		{C59B1B53-C880-473E-8510-AA4F78B7441E}.Debug|Any CPU.Build.0 = Debug|Any CPU
		{C59B1B53-C880-473E-8510-AA4F78B7441E}.Release|Any CPU.ActiveCfg = Release|Any CPU
		{C59B1B53-C880-473E-8510-AA4F78B7441E}.Release|Any CPU.Build.0 = Release|Any CPU
		{C59B1B53-C880-473E-8510-AA4F78B7441E}.Tool|Any CPU.ActiveCfg = Tool|Any CPU
		{C59B1B53-C880-473E-8510-AA4F78B7441E}.Tool|Any CPU.Build.0 = Tool|Any CPU
		{AB78C38B-5070-4ADF-84E7-AB8ECB3D184E}.Debug|Any CPU.ActiveCfg = Debug|Any CPU
		{AB78C38B-5070-4ADF-84E7-AB8ECB3D184E}.Debug|Any CPU.Build.0 = Debug|Any CPU
		{AB78C38B-5070-4ADF-84E7-AB8ECB3D184E}.Release|Any CPU.ActiveCfg = Release|Any CPU
		{AB78C38B-5070-4ADF-84E7-AB8ECB3D184E}.Release|Any CPU.Build.0 = Release|Any CPU
		{AB78C38B-5070-4ADF-84E7-AB8ECB3D184E}.Tool|Any CPU.ActiveCfg = Tool|Any CPU
		{AB78C38B-5070-4ADF-84E7-AB8ECB3D184E}.Tool|Any CPU.Build.0 = Tool|Any CPU
		{CD5CAE2B-2943-4E6E-B4BC-734D78753F93}.Debug|Any CPU.ActiveCfg = Debug|Any CPU
		{CD5CAE2B-2943-4E6E-B4BC-734D78753F93}.Debug|Any CPU.Build.0 = Debug|Any CPU
		{CD5CAE2B-2943-4E6E-B4BC-734D78753F93}.Release|Any CPU.ActiveCfg = Release|Any CPU
		{CD5CAE2B-2943-4E6E-B4BC-734D78753F93}.Release|Any CPU.Build.0 = Release|Any CPU
		{CD5CAE2B-2943-4E6E-B4BC-734D78753F93}.Tool|Any CPU.ActiveCfg = Tool|Any CPU
		{CD5CAE2B-2943-4E6E-B4BC-734D78753F93}.Tool|Any CPU.Build.0 = Tool|Any CPU
		{30655AA9-1F0E-4133-958E-DA3CD7A8473D}.Debug|Any CPU.ActiveCfg = Debug|Any CPU
		{30655AA9-1F0E-4133-958E-DA3CD7A8473D}.Debug|Any CPU.Build.0 = Debug|Any CPU
		{30655AA9-1F0E-4133-958E-DA3CD7A8473D}.Release|Any CPU.ActiveCfg = Release|Any CPU
		{30655AA9-1F0E-4133-958E-DA3CD7A8473D}.Release|Any CPU.Build.0 = Release|Any CPU
		{30655AA9-1F0E-4133-958E-DA3CD7A8473D}.Tool|Any CPU.ActiveCfg = Tool|Any CPU
		{30655AA9-1F0E-4133-958E-DA3CD7A8473D}.Tool|Any CPU.Build.0 = Tool|Any CPU
		{A01825A4-30E4-4B5A-9A7F-D7BA933F75CC}.Debug|Any CPU.ActiveCfg = Debug|Any CPU
		{A01825A4-30E4-4B5A-9A7F-D7BA933F75CC}.Debug|Any CPU.Build.0 = Debug|Any CPU
		{A01825A4-30E4-4B5A-9A7F-D7BA933F75CC}.Release|Any CPU.ActiveCfg = Release|Any CPU
		{A01825A4-30E4-4B5A-9A7F-D7BA933F75CC}.Release|Any CPU.Build.0 = Release|Any CPU
		{A01825A4-30E4-4B5A-9A7F-D7BA933F75CC}.Tool|Any CPU.ActiveCfg = Debug|Any CPU
		{A01825A4-30E4-4B5A-9A7F-D7BA933F75CC}.Tool|Any CPU.Build.0 = Debug|Any CPU
		{C5C45E53-C574-4F87-81F9-6D99C8C3A463}.Debug|Any CPU.ActiveCfg = Debug|Any CPU
		{C5C45E53-C574-4F87-81F9-6D99C8C3A463}.Debug|Any CPU.Build.0 = Debug|Any CPU
		{C5C45E53-C574-4F87-81F9-6D99C8C3A463}.Release|Any CPU.ActiveCfg = Release|Any CPU
		{C5C45E53-C574-4F87-81F9-6D99C8C3A463}.Release|Any CPU.Build.0 = Release|Any CPU
		{C5C45E53-C574-4F87-81F9-6D99C8C3A463}.Tool|Any CPU.ActiveCfg = Debug|Any CPU
		{C5C45E53-C574-4F87-81F9-6D99C8C3A463}.Tool|Any CPU.Build.0 = Debug|Any CPU
		{FC4C3CF7-8831-423D-A4D5-57C5A2E40B45}.Debug|Any CPU.ActiveCfg = Debug|Any CPU
		{FC4C3CF7-8831-423D-A4D5-57C5A2E40B45}.Debug|Any CPU.Build.0 = Debug|Any CPU
		{FC4C3CF7-8831-423D-A4D5-57C5A2E40B45}.Release|Any CPU.ActiveCfg = Release|Any CPU
		{FC4C3CF7-8831-423D-A4D5-57C5A2E40B45}.Release|Any CPU.Build.0 = Release|Any CPU
		{FC4C3CF7-8831-423D-A4D5-57C5A2E40B45}.Tool|Any CPU.ActiveCfg = Debug|Any CPU
		{FC4C3CF7-8831-423D-A4D5-57C5A2E40B45}.Tool|Any CPU.Build.0 = Debug|Any CPU
		{E8DE3E50-ADAD-4B9E-9BAE-4C6E87830C4F}.Debug|Any CPU.ActiveCfg = Debug|Any CPU
		{E8DE3E50-ADAD-4B9E-9BAE-4C6E87830C4F}.Debug|Any CPU.Build.0 = Debug|Any CPU
		{E8DE3E50-ADAD-4B9E-9BAE-4C6E87830C4F}.Release|Any CPU.ActiveCfg = Release|Any CPU
		{E8DE3E50-ADAD-4B9E-9BAE-4C6E87830C4F}.Release|Any CPU.Build.0 = Release|Any CPU
		{E8DE3E50-ADAD-4B9E-9BAE-4C6E87830C4F}.Tool|Any CPU.ActiveCfg = Debug|Any CPU
		{E8DE3E50-ADAD-4B9E-9BAE-4C6E87830C4F}.Tool|Any CPU.Build.0 = Debug|Any CPU
		{11B67356-3779-4B8F-A4CC-A3A1AE22E35E}.Debug|Any CPU.ActiveCfg = Debug|Any CPU
		{11B67356-3779-4B8F-A4CC-A3A1AE22E35E}.Debug|Any CPU.Build.0 = Debug|Any CPU
		{11B67356-3779-4B8F-A4CC-A3A1AE22E35E}.Release|Any CPU.ActiveCfg = Release|Any CPU
		{11B67356-3779-4B8F-A4CC-A3A1AE22E35E}.Release|Any CPU.Build.0 = Release|Any CPU
		{11B67356-3779-4B8F-A4CC-A3A1AE22E35E}.Tool|Any CPU.ActiveCfg = Debug|Any CPU
		{11B67356-3779-4B8F-A4CC-A3A1AE22E35E}.Tool|Any CPU.Build.0 = Debug|Any CPU
		{DB9FDF52-85AC-4746-AE20-3A3349683010}.Debug|Any CPU.ActiveCfg = Debug|Any CPU
		{DB9FDF52-85AC-4746-AE20-3A3349683010}.Debug|Any CPU.Build.0 = Debug|Any CPU
		{DB9FDF52-85AC-4746-AE20-3A3349683010}.Release|Any CPU.ActiveCfg = Release|Any CPU
		{DB9FDF52-85AC-4746-AE20-3A3349683010}.Release|Any CPU.Build.0 = Release|Any CPU
		{DB9FDF52-85AC-4746-AE20-3A3349683010}.Tool|Any CPU.ActiveCfg = Debug|Any CPU
		{DB9FDF52-85AC-4746-AE20-3A3349683010}.Tool|Any CPU.Build.0 = Debug|Any CPU
		{A5B2F18A-8F5B-4BF7-A99D-C94A61A7361E}.Debug|Any CPU.ActiveCfg = Debug|Any CPU
		{A5B2F18A-8F5B-4BF7-A99D-C94A61A7361E}.Debug|Any CPU.Build.0 = Debug|Any CPU
		{A5B2F18A-8F5B-4BF7-A99D-C94A61A7361E}.Release|Any CPU.ActiveCfg = Release|Any CPU
		{A5B2F18A-8F5B-4BF7-A99D-C94A61A7361E}.Release|Any CPU.Build.0 = Release|Any CPU
		{A5B2F18A-8F5B-4BF7-A99D-C94A61A7361E}.Tool|Any CPU.ActiveCfg = Debug|Any CPU
		{A5B2F18A-8F5B-4BF7-A99D-C94A61A7361E}.Tool|Any CPU.Build.0 = Debug|Any CPU
		{7A443534-C454-4DF9-816D-A7A0BF1E9184}.Debug|Any CPU.ActiveCfg = Debug|Any CPU
		{7A443534-C454-4DF9-816D-A7A0BF1E9184}.Debug|Any CPU.Build.0 = Debug|Any CPU
		{7A443534-C454-4DF9-816D-A7A0BF1E9184}.Release|Any CPU.ActiveCfg = Release|Any CPU
		{7A443534-C454-4DF9-816D-A7A0BF1E9184}.Release|Any CPU.Build.0 = Release|Any CPU
		{7A443534-C454-4DF9-816D-A7A0BF1E9184}.Tool|Any CPU.ActiveCfg = Debug|Any CPU
		{7A443534-C454-4DF9-816D-A7A0BF1E9184}.Tool|Any CPU.Build.0 = Debug|Any CPU
		{4DA53660-BEB0-442C-8349-A013A2E56196}.Debug|Any CPU.ActiveCfg = Debug|Any CPU
		{4DA53660-BEB0-442C-8349-A013A2E56196}.Debug|Any CPU.Build.0 = Debug|Any CPU
		{4DA53660-BEB0-442C-8349-A013A2E56196}.Release|Any CPU.ActiveCfg = Release|Any CPU
		{4DA53660-BEB0-442C-8349-A013A2E56196}.Release|Any CPU.Build.0 = Release|Any CPU
		{4DA53660-BEB0-442C-8349-A013A2E56196}.Tool|Any CPU.ActiveCfg = Debug|Any CPU
		{4DA53660-BEB0-442C-8349-A013A2E56196}.Tool|Any CPU.Build.0 = Debug|Any CPU
		{A020F166-1DDE-4929-938F-93DFCDDD27F2}.Debug|Any CPU.ActiveCfg = Debug|Any CPU
		{A020F166-1DDE-4929-938F-93DFCDDD27F2}.Debug|Any CPU.Build.0 = Debug|Any CPU
		{A020F166-1DDE-4929-938F-93DFCDDD27F2}.Release|Any CPU.ActiveCfg = Release|Any CPU
		{A020F166-1DDE-4929-938F-93DFCDDD27F2}.Release|Any CPU.Build.0 = Release|Any CPU
		{A020F166-1DDE-4929-938F-93DFCDDD27F2}.Tool|Any CPU.ActiveCfg = Debug|Any CPU
		{A020F166-1DDE-4929-938F-93DFCDDD27F2}.Tool|Any CPU.Build.0 = Debug|Any CPU
		{17A2B14F-7AFB-4BB3-817B-E5C0FFE0882E}.Debug|Any CPU.ActiveCfg = Debug|Any CPU
		{17A2B14F-7AFB-4BB3-817B-E5C0FFE0882E}.Debug|Any CPU.Build.0 = Debug|Any CPU
		{17A2B14F-7AFB-4BB3-817B-E5C0FFE0882E}.Release|Any CPU.ActiveCfg = Release|Any CPU
		{17A2B14F-7AFB-4BB3-817B-E5C0FFE0882E}.Release|Any CPU.Build.0 = Release|Any CPU
		{17A2B14F-7AFB-4BB3-817B-E5C0FFE0882E}.Tool|Any CPU.ActiveCfg = Debug|Any CPU
		{17A2B14F-7AFB-4BB3-817B-E5C0FFE0882E}.Tool|Any CPU.Build.0 = Debug|Any CPU
		{5F893D76-91EE-4D42-849E-D7015C8EDE2E}.Debug|Any CPU.ActiveCfg = Debug|Any CPU
		{5F893D76-91EE-4D42-849E-D7015C8EDE2E}.Debug|Any CPU.Build.0 = Debug|Any CPU
		{5F893D76-91EE-4D42-849E-D7015C8EDE2E}.Release|Any CPU.ActiveCfg = Release|Any CPU
		{5F893D76-91EE-4D42-849E-D7015C8EDE2E}.Release|Any CPU.Build.0 = Release|Any CPU
		{5F893D76-91EE-4D42-849E-D7015C8EDE2E}.Tool|Any CPU.ActiveCfg = Debug|Any CPU
		{5F893D76-91EE-4D42-849E-D7015C8EDE2E}.Tool|Any CPU.Build.0 = Debug|Any CPU
		{DDEAB02D-ECC1-4D0A-9BC3-9A7C10EA6E18}.Debug|Any CPU.ActiveCfg = Debug|Any CPU
		{DDEAB02D-ECC1-4D0A-9BC3-9A7C10EA6E18}.Debug|Any CPU.Build.0 = Debug|Any CPU
		{DDEAB02D-ECC1-4D0A-9BC3-9A7C10EA6E18}.Release|Any CPU.ActiveCfg = Release|Any CPU
		{DDEAB02D-ECC1-4D0A-9BC3-9A7C10EA6E18}.Release|Any CPU.Build.0 = Release|Any CPU
		{DDEAB02D-ECC1-4D0A-9BC3-9A7C10EA6E18}.Tool|Any CPU.ActiveCfg = Debug|Any CPU
		{DDEAB02D-ECC1-4D0A-9BC3-9A7C10EA6E18}.Tool|Any CPU.Build.0 = Debug|Any CPU
		{39830A0C-53B7-4FE5-BBCF-C9E863BC0389}.Debug|Any CPU.ActiveCfg = Debug|Any CPU
		{39830A0C-53B7-4FE5-BBCF-C9E863BC0389}.Debug|Any CPU.Build.0 = Debug|Any CPU
		{39830A0C-53B7-4FE5-BBCF-C9E863BC0389}.Release|Any CPU.ActiveCfg = Release|Any CPU
		{39830A0C-53B7-4FE5-BBCF-C9E863BC0389}.Release|Any CPU.Build.0 = Release|Any CPU
		{39830A0C-53B7-4FE5-BBCF-C9E863BC0389}.Tool|Any CPU.ActiveCfg = Debug|Any CPU
		{39830A0C-53B7-4FE5-BBCF-C9E863BC0389}.Tool|Any CPU.Build.0 = Debug|Any CPU
		{8EBF7A05-D197-4ED7-AF31-B16A542E8356}.Debug|Any CPU.ActiveCfg = Debug|Any CPU
		{8EBF7A05-D197-4ED7-AF31-B16A542E8356}.Debug|Any CPU.Build.0 = Debug|Any CPU
		{8EBF7A05-D197-4ED7-AF31-B16A542E8356}.Release|Any CPU.ActiveCfg = Release|Any CPU
		{8EBF7A05-D197-4ED7-AF31-B16A542E8356}.Release|Any CPU.Build.0 = Release|Any CPU
		{8EBF7A05-D197-4ED7-AF31-B16A542E8356}.Tool|Any CPU.ActiveCfg = Debug|Any CPU
		{8EBF7A05-D197-4ED7-AF31-B16A542E8356}.Tool|Any CPU.Build.0 = Debug|Any CPU
		{BBAC429C-DE8D-486C-9040-77871631264D}.Debug|Any CPU.ActiveCfg = Debug|Any CPU
		{BBAC429C-DE8D-486C-9040-77871631264D}.Debug|Any CPU.Build.0 = Debug|Any CPU
		{BBAC429C-DE8D-486C-9040-77871631264D}.Release|Any CPU.ActiveCfg = Release|Any CPU
		{BBAC429C-DE8D-486C-9040-77871631264D}.Release|Any CPU.Build.0 = Release|Any CPU
		{BBAC429C-DE8D-486C-9040-77871631264D}.Tool|Any CPU.ActiveCfg = Debug|Any CPU
		{BBAC429C-DE8D-486C-9040-77871631264D}.Tool|Any CPU.Build.0 = Debug|Any CPU
	EndGlobalSection
	GlobalSection(SolutionProperties) = preSolution
		HideSolutionNode = FALSE
	EndGlobalSection
	GlobalSection(NestedProjects) = preSolution
		{C59B1B53-C880-473E-8510-AA4F78B7441E} = {BA04C59E-2413-4460-85FC-DE322A1CBF02}
		{AB78C38B-5070-4ADF-84E7-AB8ECB3D184E} = {287482AF-3481-44F5-B4D3-F17589B9261C}
		{CD5CAE2B-2943-4E6E-B4BC-734D78753F93} = {287482AF-3481-44F5-B4D3-F17589B9261C}
		{30655AA9-1F0E-4133-958E-DA3CD7A8473D} = {BA04C59E-2413-4460-85FC-DE322A1CBF02}
		{8DC0861E-9BE9-4F9B-90D5-944B33169F55} = {21DEC134-DEF5-482F-ADE7-EBF67AB9C2B9}
		{A01825A4-30E4-4B5A-9A7F-D7BA933F75CC} = {8DC0861E-9BE9-4F9B-90D5-944B33169F55}
		{A78C674D-5E73-42AA-AD38-C659E5BC017D} = {21DEC134-DEF5-482F-ADE7-EBF67AB9C2B9}
		{C5C45E53-C574-4F87-81F9-6D99C8C3A463} = {A78C674D-5E73-42AA-AD38-C659E5BC017D}
		{37ECDB20-4C9E-4A7B-AFB9-FDF5E2C64EC3} = {21DEC134-DEF5-482F-ADE7-EBF67AB9C2B9}
		{FC4C3CF7-8831-423D-A4D5-57C5A2E40B45} = {37ECDB20-4C9E-4A7B-AFB9-FDF5E2C64EC3}
		{E8DE3E50-ADAD-4B9E-9BAE-4C6E87830C4F} = {37ECDB20-4C9E-4A7B-AFB9-FDF5E2C64EC3}
		{11B67356-3779-4B8F-A4CC-A3A1AE22E35E} = {A78C674D-5E73-42AA-AD38-C659E5BC017D}
		{BA04C59E-2413-4460-85FC-DE322A1CBF02} = {21DEC134-DEF5-482F-ADE7-EBF67AB9C2B9}
		{DB9FDF52-85AC-4746-AE20-3A3349683010} = {287482AF-3481-44F5-B4D3-F17589B9261C}
		{A5B2F18A-8F5B-4BF7-A99D-C94A61A7361E} = {287482AF-3481-44F5-B4D3-F17589B9261C}
		{7A443534-C454-4DF9-816D-A7A0BF1E9184} = {287482AF-3481-44F5-B4D3-F17589B9261C}
		{4DA53660-BEB0-442C-8349-A013A2E56196} = {287482AF-3481-44F5-B4D3-F17589B9261C}
		{A020F166-1DDE-4929-938F-93DFCDDD27F2} = {287482AF-3481-44F5-B4D3-F17589B9261C}
		{17A2B14F-7AFB-4BB3-817B-E5C0FFE0882E} = {BA04C59E-2413-4460-85FC-DE322A1CBF02}
		{5F893D76-91EE-4D42-849E-D7015C8EDE2E} = {287482AF-3481-44F5-B4D3-F17589B9261C}
		{DDEAB02D-ECC1-4D0A-9BC3-9A7C10EA6E18} = {BA04C59E-2413-4460-85FC-DE322A1CBF02}
		{39830A0C-53B7-4FE5-BBCF-C9E863BC0389} = {37ECDB20-4C9E-4A7B-AFB9-FDF5E2C64EC3}
		{8EBF7A05-D197-4ED7-AF31-B16A542E8356} = {287482AF-3481-44F5-B4D3-F17589B9261C}
		{BBAC429C-DE8D-486C-9040-77871631264D} = {BA04C59E-2413-4460-85FC-DE322A1CBF02}
	EndGlobalSection
	GlobalSection(ExtensibilityGlobals) = postSolution
		SolutionGuid = {B07D99A8-ABA7-4A66-9BA2-37E64043B834}
	EndGlobalSection
EndGlobal
