
Microsoft Visual Studio Solution File, Format Version 12.00
# Visual Studio 15
VisualStudioVersion = 15.0.27428.2015
MinimumVisualStudioVersion = 10.0.40219.1
Project("{9A19103F-16F7-4668-BE54-9A1E7A4F7556}") = "Placeholder", "Placeholder\Placeholder.csproj", "{C59B1B53-C880-473E-8510-AA4F78B7441E}"
EndProject
Project("{9A19103F-16F7-4668-BE54-9A1E7A4F7556}") = "Placeholder.Utilities", "Placeholder.Utilities\Placeholder.Utilities.csproj", "{A737B197-6BAB-452E-8DEC-533CF6FD2F58}"
EndProject
Project("{9A19103F-16F7-4668-BE54-9A1E7A4F7556}") = "Placeholder.Implementation", "Placeholder.Implementation\Placeholder.Implementation.csproj", "{4577EF1D-82BB-4E07-8BF3-F7D0C28DD9E6}"
EndProject
Project("{9A19103F-16F7-4668-BE54-9A1E7A4F7556}") = "Placeholder.Models", "Placeholder.Models\Placeholder.Models.csproj", "{CB4600D4-1B2C-4FFE-92C9-8AFC2E460AA6}"
EndProject
Project("{2150E333-8FDC-42A3-9474-1A3956D46DE8}") = "Tests", "Tests", "{287482AF-3481-44F5-B4D3-F17589B9261C}"
EndProject
Project("{9A19103F-16F7-4668-BE54-9A1E7A4F7556}") = "Placeholder.Implementation.Tests", "Placeholder.Implementation.Tests\Placeholder.Implementation.Tests.csproj", "{4E944D08-C74B-4373-A247-55F9C7887552}"
EndProject
Project("{FAE04EC0-301F-11D3-BF4B-00C04F79EFBC}") = "Placeholder.Tests", "Placeholder.Tests\Placeholder.Tests.csproj", "{AB78C38B-5070-4ADF-84E7-AB8ECB3D184E}"
EndProject
Project("{FAE04EC0-301F-11D3-BF4B-00C04F79EFBC}") = "Placeholder.Exceptions", "Placeholder.Exceptions\Placeholder.Exceptions.csproj", "{071EA1AA-484A-4FDF-9CBD-0F28F2A8D30C}"
EndProject
Global
	GlobalSection(SolutionConfigurationPlatforms) = preSolution
		Debug|Any CPU = Debug|Any CPU
		Release|Any CPU = Release|Any CPU
	EndGlobalSection
	GlobalSection(ProjectConfigurationPlatforms) = postSolution
		{C59B1B53-C880-473E-8510-AA4F78B7441E}.Debug|Any CPU.ActiveCfg = Debug|Any CPU
		{C59B1B53-C880-473E-8510-AA4F78B7441E}.Debug|Any CPU.Build.0 = Debug|Any CPU
		{C59B1B53-C880-473E-8510-AA4F78B7441E}.Release|Any CPU.ActiveCfg = Release|Any CPU
		{C59B1B53-C880-473E-8510-AA4F78B7441E}.Release|Any CPU.Build.0 = Release|Any CPU
		{A737B197-6BAB-452E-8DEC-533CF6FD2F58}.Debug|Any CPU.ActiveCfg = Debug|Any CPU
		{A737B197-6BAB-452E-8DEC-533CF6FD2F58}.Debug|Any CPU.Build.0 = Debug|Any CPU
		{A737B197-6BAB-452E-8DEC-533CF6FD2F58}.Release|Any CPU.ActiveCfg = Release|Any CPU
		{A737B197-6BAB-452E-8DEC-533CF6FD2F58}.Release|Any CPU.Build.0 = Release|Any CPU
		{4577EF1D-82BB-4E07-8BF3-F7D0C28DD9E6}.Debug|Any CPU.ActiveCfg = Debug|Any CPU
		{4577EF1D-82BB-4E07-8BF3-F7D0C28DD9E6}.Debug|Any CPU.Build.0 = Debug|Any CPU
		{4577EF1D-82BB-4E07-8BF3-F7D0C28DD9E6}.Release|Any CPU.ActiveCfg = Release|Any CPU
		{4577EF1D-82BB-4E07-8BF3-F7D0C28DD9E6}.Release|Any CPU.Build.0 = Release|Any CPU
		{CB4600D4-1B2C-4FFE-92C9-8AFC2E460AA6}.Debug|Any CPU.ActiveCfg = Debug|Any CPU
		{CB4600D4-1B2C-4FFE-92C9-8AFC2E460AA6}.Debug|Any CPU.Build.0 = Debug|Any CPU
		{CB4600D4-1B2C-4FFE-92C9-8AFC2E460AA6}.Release|Any CPU.ActiveCfg = Release|Any CPU
		{CB4600D4-1B2C-4FFE-92C9-8AFC2E460AA6}.Release|Any CPU.Build.0 = Release|Any CPU
		{4E944D08-C74B-4373-A247-55F9C7887552}.Debug|Any CPU.ActiveCfg = Debug|Any CPU
		{4E944D08-C74B-4373-A247-55F9C7887552}.Debug|Any CPU.Build.0 = Debug|Any CPU
		{4E944D08-C74B-4373-A247-55F9C7887552}.Release|Any CPU.ActiveCfg = Release|Any CPU
		{4E944D08-C74B-4373-A247-55F9C7887552}.Release|Any CPU.Build.0 = Release|Any CPU
		{AB78C38B-5070-4ADF-84E7-AB8ECB3D184E}.Debug|Any CPU.ActiveCfg = Debug|Any CPU
		{AB78C38B-5070-4ADF-84E7-AB8ECB3D184E}.Debug|Any CPU.Build.0 = Debug|Any CPU
		{AB78C38B-5070-4ADF-84E7-AB8ECB3D184E}.Release|Any CPU.ActiveCfg = Release|Any CPU
		{AB78C38B-5070-4ADF-84E7-AB8ECB3D184E}.Release|Any CPU.Build.0 = Release|Any CPU
		{071EA1AA-484A-4FDF-9CBD-0F28F2A8D30C}.Debug|Any CPU.ActiveCfg = Debug|Any CPU
		{071EA1AA-484A-4FDF-9CBD-0F28F2A8D30C}.Debug|Any CPU.Build.0 = Debug|Any CPU
		{071EA1AA-484A-4FDF-9CBD-0F28F2A8D30C}.Release|Any CPU.ActiveCfg = Release|Any CPU
		{071EA1AA-484A-4FDF-9CBD-0F28F2A8D30C}.Release|Any CPU.Build.0 = Release|Any CPU
	EndGlobalSection
	GlobalSection(SolutionProperties) = preSolution
		HideSolutionNode = FALSE
	EndGlobalSection
	GlobalSection(NestedProjects) = preSolution
		{4E944D08-C74B-4373-A247-55F9C7887552} = {287482AF-3481-44F5-B4D3-F17589B9261C}
		{AB78C38B-5070-4ADF-84E7-AB8ECB3D184E} = {287482AF-3481-44F5-B4D3-F17589B9261C}
	EndGlobalSection
	GlobalSection(ExtensibilityGlobals) = postSolution
		SolutionGuid = {B07D99A8-ABA7-4A66-9BA2-37E64043B834}
	EndGlobalSection
EndGlobal
